{
  "requires": true,
  "lockfileVersion": 1,
  "dependencies": {
    "geojson-vt": {
      "version": "3.2.1",
      "resolved": "https://registry.npmjs.org/geojson-vt/-/geojson-vt-3.2.1.tgz",
      "integrity": "sha512-EvGQQi/zPrDA6zr6BnJD/YhwAkBP8nnJ9emh3EnHQKVMfg/MRVtPbMYdgVy/IaEmn4UfagD2a6fafPDL5hbtwg=="
    },
    "leaflet-geojson-vt": {
      "version": "1.1.0",
      "resolved": "https://registry.npmjs.org/leaflet-geojson-vt/-/leaflet-geojson-vt-1.1.0.tgz",
      "integrity": "sha512-z6h3InQPoSI7yhA9uPVBcYtoquR4pm8qVCroUZAkxmOXrmgTJ6LkhCxr8CN2ouIP9x9fxxBTWDX8p8kYtfvlTQ=="
    }
  }
}
